
Microsoft Visual Studio Solution File, Format Version 12.00
Project("{FAE04EC0-301F-11D3-BF4B-00C04F79EFBC}") = "DayTemplate", "DayTemplate\DayTemplate.csproj", "{DFD58035-8A51-41E2-8F13-FB93428B58B1}"
EndProject
Project("{FAE04EC0-301F-11D3-BF4B-00C04F79EFBC}") = "TestAllDays", "TestAllDays\TestAllDays.csproj", "{97AB15F0-B0A0-4395-BC10-DF5DDA08C08C}"
EndProject
Project("{FAE04EC0-301F-11D3-BF4B-00C04F79EFBC}") = "Day06", "Day06\Day06.csproj", "{56E115EA-1A07-4A22-B25F-284161FFA64A}"
EndProject
Project("{FAE04EC0-301F-11D3-BF4B-00C04F79EFBC}") = "Day08", "Day08\Day08.csproj", "{621917D7-1772-4BF8-AEF1-7FAB5210BE56}"
EndProject
Project("{FAE04EC0-301F-11D3-BF4B-00C04F79EFBC}") = "Day09", "Day09\Day09.csproj", "{36CE01FC-4E78-41DE-B3E3-A2D454D3B903}"
EndProject
Project("{FAE04EC0-301F-11D3-BF4B-00C04F79EFBC}") = "Day10ToEnd", "Day10ToEnd\Day10ToEnd.csproj", "{ACF75553-38CC-4E0E-BE35-3373879E0427}"
EndProject
Global
	GlobalSection(SolutionConfigurationPlatforms) = preSolution
		Debug|Any CPU = Debug|Any CPU
		Release|Any CPU = Release|Any CPU
	EndGlobalSection
	GlobalSection(ProjectConfigurationPlatforms) = postSolution
		{DFD58035-8A51-41E2-8F13-FB93428B58B1}.Debug|Any CPU.ActiveCfg = Debug|Any CPU
		{DFD58035-8A51-41E2-8F13-FB93428B58B1}.Debug|Any CPU.Build.0 = Debug|Any CPU
		{DFD58035-8A51-41E2-8F13-FB93428B58B1}.Release|Any CPU.ActiveCfg = Release|Any CPU
		{DFD58035-8A51-41E2-8F13-FB93428B58B1}.Release|Any CPU.Build.0 = Release|Any CPU
		{97AB15F0-B0A0-4395-BC10-DF5DDA08C08C}.Debug|Any CPU.ActiveCfg = Debug|Any CPU
		{97AB15F0-B0A0-4395-BC10-DF5DDA08C08C}.Debug|Any CPU.Build.0 = Debug|Any CPU
		{97AB15F0-B0A0-4395-BC10-DF5DDA08C08C}.Release|Any CPU.ActiveCfg = Release|Any CPU
		{97AB15F0-B0A0-4395-BC10-DF5DDA08C08C}.Release|Any CPU.Build.0 = Release|Any CPU
		{56E115EA-1A07-4A22-B25F-284161FFA64A}.Debug|Any CPU.ActiveCfg = Debug|Any CPU
		{56E115EA-1A07-4A22-B25F-284161FFA64A}.Debug|Any CPU.Build.0 = Debug|Any CPU
		{56E115EA-1A07-4A22-B25F-284161FFA64A}.Release|Any CPU.ActiveCfg = Release|Any CPU
		{56E115EA-1A07-4A22-B25F-284161FFA64A}.Release|Any CPU.Build.0 = Release|Any CPU
		{621917D7-1772-4BF8-AEF1-7FAB5210BE56}.Debug|Any CPU.ActiveCfg = Debug|Any CPU
		{621917D7-1772-4BF8-AEF1-7FAB5210BE56}.Debug|Any CPU.Build.0 = Debug|Any CPU
		{621917D7-1772-4BF8-AEF1-7FAB5210BE56}.Release|Any CPU.ActiveCfg = Release|Any CPU
		{621917D7-1772-4BF8-AEF1-7FAB5210BE56}.Release|Any CPU.Build.0 = Release|Any CPU
		{36CE01FC-4E78-41DE-B3E3-A2D454D3B903}.Debug|Any CPU.ActiveCfg = Debug|Any CPU
		{36CE01FC-4E78-41DE-B3E3-A2D454D3B903}.Debug|Any CPU.Build.0 = Debug|Any CPU
		{36CE01FC-4E78-41DE-B3E3-A2D454D3B903}.Release|Any CPU.ActiveCfg = Release|Any CPU
		{36CE01FC-4E78-41DE-B3E3-A2D454D3B903}.Release|Any CPU.Build.0 = Release|Any CPU
		{ACF75553-38CC-4E0E-BE35-3373879E0427}.Debug|Any CPU.ActiveCfg = Debug|Any CPU
		{ACF75553-38CC-4E0E-BE35-3373879E0427}.Debug|Any CPU.Build.0 = Debug|Any CPU
		{ACF75553-38CC-4E0E-BE35-3373879E0427}.Release|Any CPU.ActiveCfg = Release|Any CPU
		{ACF75553-38CC-4E0E-BE35-3373879E0427}.Release|Any CPU.Build.0 = Release|Any CPU
	EndGlobalSection
EndGlobal
